// !$*UTF8*$!
{
	archiveVersion = 1;
	classes = {
	};
	objectVersion = 51;
	objects = {

/* Begin PBXBuildFile section */
		43ECFBBF65465718D230BF45 /* Pods_RaffleBay.framework in Frameworks */ = {isa = PBXBuildFile; fileRef = 3081B660AC02309A8C4192C8 /* Pods_RaffleBay.framework */; };
		8B3ACCF823FA14CB0045F6BF /* styles.swift in Sources */ = {isa = PBXBuildFile; fileRef = 8B3ACCF723FA14CB0045F6BF /* styles.swift */; };
		8B3ACCFA23FA48A70045F6BF /* constants.swift in Sources */ = {isa = PBXBuildFile; fileRef = 8B3ACCF923FA48A70045F6BF /* constants.swift */; };
		8B6C220623FCA4A10014796E /* SidebarNavView.swift in Sources */ = {isa = PBXBuildFile; fileRef = 8B6C220523FCA4A10014796E /* SidebarNavView.swift */; };
		8B6C220823FCAFF00014796E /* CreateSaleItem.swift in Sources */ = {isa = PBXBuildFile; fileRef = 8B6C220723FCAFF00014796E /* CreateSaleItem.swift */; };
		8BB7CD8323FD038C00E83590 /* SuccessfulView.swift in Sources */ = {isa = PBXBuildFile; fileRef = 8BB7CD8223FD038C00E83590 /* SuccessfulView.swift */; };
		8BC5210123FBABE600BCC476 /* ProfileView.swift in Sources */ = {isa = PBXBuildFile; fileRef = 8BC5210023FBABE600BCC476 /* ProfileView.swift */; };
		8BC5210323FBB25000BCC476 /* ProfileSaleItemView.swift in Sources */ = {isa = PBXBuildFile; fileRef = 8BC5210223FBB25000BCC476 /* ProfileSaleItemView.swift */; };
		8BE89B8223EF7D4200EC2076 /* Poppins-LightItalic.ttf in Resources */ = {isa = PBXBuildFile; fileRef = 8BE89B7023EF7D4100EC2076 /* Poppins-LightItalic.ttf */; };
		8BE89B8323EF7D4200EC2076 /* Poppins-ThinItalic.ttf in Resources */ = {isa = PBXBuildFile; fileRef = 8BE89B7123EF7D4100EC2076 /* Poppins-ThinItalic.ttf */; };
		8BE89B8423EF7D4200EC2076 /* Poppins-Italic.ttf in Resources */ = {isa = PBXBuildFile; fileRef = 8BE89B7223EF7D4100EC2076 /* Poppins-Italic.ttf */; };
		8BE89B8523EF7D4200EC2076 /* Poppins-Medium.ttf in Resources */ = {isa = PBXBuildFile; fileRef = 8BE89B7323EF7D4100EC2076 /* Poppins-Medium.ttf */; };
		8BE89B8623EF7D4200EC2076 /* Poppins-ExtraLight.ttf in Resources */ = {isa = PBXBuildFile; fileRef = 8BE89B7423EF7D4100EC2076 /* Poppins-ExtraLight.ttf */; };
		8BE89B8723EF7D4200EC2076 /* Poppins-ExtraBoldItalic.ttf in Resources */ = {isa = PBXBuildFile; fileRef = 8BE89B7523EF7D4100EC2076 /* Poppins-ExtraBoldItalic.ttf */; };
		8BE89B8823EF7D4200EC2076 /* Poppins-Bold.ttf in Resources */ = {isa = PBXBuildFile; fileRef = 8BE89B7623EF7D4100EC2076 /* Poppins-Bold.ttf */; };
		8BE89B8923EF7D4200EC2076 /* Poppins-MediumItalic.ttf in Resources */ = {isa = PBXBuildFile; fileRef = 8BE89B7723EF7D4100EC2076 /* Poppins-MediumItalic.ttf */; };
		8BE89B8A23EF7D4200EC2076 /* Poppins-ExtraLightItalic.ttf in Resources */ = {isa = PBXBuildFile; fileRef = 8BE89B7823EF7D4100EC2076 /* Poppins-ExtraLightItalic.ttf */; };
		8BE89B8B23EF7D4200EC2076 /* Poppins-Regular.ttf in Resources */ = {isa = PBXBuildFile; fileRef = 8BE89B7923EF7D4100EC2076 /* Poppins-Regular.ttf */; };
		8BE89B8C23EF7D4200EC2076 /* Poppins-Thin.ttf in Resources */ = {isa = PBXBuildFile; fileRef = 8BE89B7A23EF7D4100EC2076 /* Poppins-Thin.ttf */; };
		8BE89B8D23EF7D4200EC2076 /* Poppins-ExtraBold.ttf in Resources */ = {isa = PBXBuildFile; fileRef = 8BE89B7B23EF7D4100EC2076 /* Poppins-ExtraBold.ttf */; };
		8BE89B8E23EF7D4200EC2076 /* Poppins-BoldItalic.ttf in Resources */ = {isa = PBXBuildFile; fileRef = 8BE89B7C23EF7D4200EC2076 /* Poppins-BoldItalic.ttf */; };
		8BE89B8F23EF7D4200EC2076 /* Poppins-Light.ttf in Resources */ = {isa = PBXBuildFile; fileRef = 8BE89B7D23EF7D4200EC2076 /* Poppins-Light.ttf */; };
		8BE89B9023EF7D4200EC2076 /* Poppins-BlackItalic.ttf in Resources */ = {isa = PBXBuildFile; fileRef = 8BE89B7E23EF7D4200EC2076 /* Poppins-BlackItalic.ttf */; };
		8BE89B9123EF7D4200EC2076 /* Poppins-Black.ttf in Resources */ = {isa = PBXBuildFile; fileRef = 8BE89B7F23EF7D4200EC2076 /* Poppins-Black.ttf */; };
		8BE89B9223EF7D4200EC2076 /* Poppins-SemiBoldItalic.ttf in Resources */ = {isa = PBXBuildFile; fileRef = 8BE89B8023EF7D4200EC2076 /* Poppins-SemiBoldItalic.ttf */; };
		8BE89B9323EF7D4200EC2076 /* Poppins-SemiBold.ttf in Resources */ = {isa = PBXBuildFile; fileRef = 8BE89B8123EF7D4200EC2076 /* Poppins-SemiBold.ttf */; };
		8BE89B9523EF835400EC2076 /* SplashscreenView.swift in Sources */ = {isa = PBXBuildFile; fileRef = 8BE89B9423EF835400EC2076 /* SplashscreenView.swift */; };
		8BE89B9723F0900500EC2076 /* LoginView.swift in Sources */ = {isa = PBXBuildFile; fileRef = 8BE89B9623F0900500EC2076 /* LoginView.swift */; };
		A3CA20C487169747B8DBE422 /* Pods_RaffleBayTests.framework in Frameworks */ = {isa = PBXBuildFile; fileRef = A23D9203AF6575B8387CC6A7 /* Pods_RaffleBayTests.framework */; };
		B247F55523FE270500FA7830 /* UploadSaleItemView.swift in Sources */ = {isa = PBXBuildFile; fileRef = B247F55423FE270500FA7830 /* UploadSaleItemView.swift */; };
		B247F55723FE349E00FA7830 /* CameraController.swift in Sources */ = {isa = PBXBuildFile; fileRef = B247F55623FE349E00FA7830 /* CameraController.swift */; };
		B247F55923FF38E600FA7830 /* AuthenticationViewModel.swift in Sources */ = {isa = PBXBuildFile; fileRef = B247F55823FF38E600FA7830 /* AuthenticationViewModel.swift */; };
		B247F55B23FFA00100FA7830 /* ProfileViewController.swift in Sources */ = {isa = PBXBuildFile; fileRef = B247F55A23FFA00100FA7830 /* ProfileViewController.swift */; };
		B247F55D23FFAD6C00FA7830 /* CreateSaleItemViewController.swift in Sources */ = {isa = PBXBuildFile; fileRef = B247F55C23FFAD6C00FA7830 /* CreateSaleItemViewController.swift */; };
		B2734640240B3198005FF61D /* SellingOrBuyingItem.swift in Sources */ = {isa = PBXBuildFile; fileRef = B273463F240B3198005FF61D /* SellingOrBuyingItem.swift */; };
		B2734644240B88EC005FF61D /* ProfileBidItemView.swift in Sources */ = {isa = PBXBuildFile; fileRef = B2734643240B88EC005FF61D /* ProfileBidItemView.swift */; };
		B273464A241425B2005FF61D /* SaleItemDetailViewController.swift in Sources */ = {isa = PBXBuildFile; fileRef = B2734649241425B2005FF61D /* SaleItemDetailViewController.swift */; };
		B273464C24142EC7005FF61D /* SignupViewController.swift in Sources */ = {isa = PBXBuildFile; fileRef = B273464B24142EC7005FF61D /* SignupViewController.swift */; };
		B27513AB23ECAC47007305A0 /* AppDelegate.swift in Sources */ = {isa = PBXBuildFile; fileRef = B27513AA23ECAC47007305A0 /* AppDelegate.swift */; };
		B27513AD23ECAC47007305A0 /* SceneDelegate.swift in Sources */ = {isa = PBXBuildFile; fileRef = B27513AC23ECAC47007305A0 /* SceneDelegate.swift */; };
		B27513B023ECAC47007305A0 /* RaffleBay.xcdatamodeld in Sources */ = {isa = PBXBuildFile; fileRef = B27513AE23ECAC47007305A0 /* RaffleBay.xcdatamodeld */; };
		B27513B223ECAC47007305A0 /* ContentView.swift in Sources */ = {isa = PBXBuildFile; fileRef = B27513B123ECAC47007305A0 /* ContentView.swift */; };
		B27513B423ECAC4A007305A0 /* Assets.xcassets in Resources */ = {isa = PBXBuildFile; fileRef = B27513B323ECAC4A007305A0 /* Assets.xcassets */; };
		B27513B723ECAC4A007305A0 /* Preview Assets.xcassets in Resources */ = {isa = PBXBuildFile; fileRef = B27513B623ECAC4A007305A0 /* Preview Assets.xcassets */; };
		B27513BA23ECAC4A007305A0 /* LaunchScreen.storyboard in Resources */ = {isa = PBXBuildFile; fileRef = B27513B823ECAC4A007305A0 /* LaunchScreen.storyboard */; };
		B27513C523ECAC4A007305A0 /* RaffleBayTests.swift in Sources */ = {isa = PBXBuildFile; fileRef = B27513C423ECAC4A007305A0 /* RaffleBayTests.swift */; };
		B27513D023ECAC4A007305A0 /* RaffleBayUITests.swift in Sources */ = {isa = PBXBuildFile; fileRef = B27513CF23ECAC4A007305A0 /* RaffleBayUITests.swift */; };
		B27513DF23ECACB3007305A0 /* SaleItemTestData.swift in Sources */ = {isa = PBXBuildFile; fileRef = B27513DE23ECACB3007305A0 /* SaleItemTestData.swift */; };
		B27513E223ECACD6007305A0 /* SaleItem.swift in Sources */ = {isa = PBXBuildFile; fileRef = B27513E123ECACD6007305A0 /* SaleItem.swift */; };
		B27513E423ECACEA007305A0 /* User.swift in Sources */ = {isa = PBXBuildFile; fileRef = B27513E323ECACEA007305A0 /* User.swift */; };
		B27513E723ECAD11007305A0 /* SaleItemCellView.swift in Sources */ = {isa = PBXBuildFile; fileRef = B27513E623ECAD11007305A0 /* SaleItemCellView.swift */; };
		B27513EA23ECAD38007305A0 /* SaleItemTableView.swift in Sources */ = {isa = PBXBuildFile; fileRef = B27513E923ECAD38007305A0 /* SaleItemTableView.swift */; };
		B27513EC23ECAD52007305A0 /* SaleItemDetailView.swift in Sources */ = {isa = PBXBuildFile; fileRef = B27513EB23ECAD52007305A0 /* SaleItemDetailView.swift */; };
		B27513F123ECB061007305A0 /* SignupView.swift in Sources */ = {isa = PBXBuildFile; fileRef = B27513F023ECB061007305A0 /* SignupView.swift */; };
		B2FF79FC23F5FA0900AE9572 /* LoginViewController.swift in Sources */ = {isa = PBXBuildFile; fileRef = B2FF79FB23F5FA0900AE9572 /* LoginViewController.swift */; };
		EA1F03AABD6C0E1B52460AF6 /* Pods_RaffleBay_RaffleBayUITests.framework in Frameworks */ = {isa = PBXBuildFile; fileRef = C5712EAFB30555AB4BBECD42 /* Pods_RaffleBay_RaffleBayUITests.framework */; };
/* End PBXBuildFile section */

/* Begin PBXContainerItemProxy section */
		B27513C123ECAC4A007305A0 /* PBXContainerItemProxy */ = {
			isa = PBXContainerItemProxy;
			containerPortal = B275139F23ECAC47007305A0 /* Project object */;
			proxyType = 1;
			remoteGlobalIDString = B27513A623ECAC47007305A0;
			remoteInfo = RaffleBay;
		};
		B27513CC23ECAC4A007305A0 /* PBXContainerItemProxy */ = {
			isa = PBXContainerItemProxy;
			containerPortal = B275139F23ECAC47007305A0 /* Project object */;
			proxyType = 1;
			remoteGlobalIDString = B27513A623ECAC47007305A0;
			remoteInfo = RaffleBay;
		};
/* End PBXContainerItemProxy section */

/* Begin PBXFileReference section */
		20D7B4E73972CF595F6EE612 /* Pods-RaffleBay.release.xcconfig */ = {isa = PBXFileReference; includeInIndex = 1; lastKnownFileType = text.xcconfig; name = "Pods-RaffleBay.release.xcconfig"; path = "Target Support Files/Pods-RaffleBay/Pods-RaffleBay.release.xcconfig"; sourceTree = "<group>"; };
		297D5F3C5198DEDED748DFDB /* Pods-RaffleBay.debug.xcconfig */ = {isa = PBXFileReference; includeInIndex = 1; lastKnownFileType = text.xcconfig; name = "Pods-RaffleBay.debug.xcconfig"; path = "Target Support Files/Pods-RaffleBay/Pods-RaffleBay.debug.xcconfig"; sourceTree = "<group>"; };
		3081B660AC02309A8C4192C8 /* Pods_RaffleBay.framework */ = {isa = PBXFileReference; explicitFileType = wrapper.framework; includeInIndex = 0; path = Pods_RaffleBay.framework; sourceTree = BUILT_PRODUCTS_DIR; };
		55E779020CC0948D0C0A0494 /* Pods-RaffleBayTests.release.xcconfig */ = {isa = PBXFileReference; includeInIndex = 1; lastKnownFileType = text.xcconfig; name = "Pods-RaffleBayTests.release.xcconfig"; path = "Target Support Files/Pods-RaffleBayTests/Pods-RaffleBayTests.release.xcconfig"; sourceTree = "<group>"; };
		6DA863272F66B65FDDC4B6ED /* Pods-RaffleBayTests.debug.xcconfig */ = {isa = PBXFileReference; includeInIndex = 1; lastKnownFileType = text.xcconfig; name = "Pods-RaffleBayTests.debug.xcconfig"; path = "Target Support Files/Pods-RaffleBayTests/Pods-RaffleBayTests.debug.xcconfig"; sourceTree = "<group>"; };
		7C9F8FC28B3FA4503302B099 /* Pods-RaffleBay-RaffleBayUITests.release.xcconfig */ = {isa = PBXFileReference; includeInIndex = 1; lastKnownFileType = text.xcconfig; name = "Pods-RaffleBay-RaffleBayUITests.release.xcconfig"; path = "Target Support Files/Pods-RaffleBay-RaffleBayUITests/Pods-RaffleBay-RaffleBayUITests.release.xcconfig"; sourceTree = "<group>"; };
		8B3ACCF723FA14CB0045F6BF /* styles.swift */ = {isa = PBXFileReference; lastKnownFileType = sourcecode.swift; path = styles.swift; sourceTree = "<group>"; };
		8B3ACCF923FA48A70045F6BF /* constants.swift */ = {isa = PBXFileReference; lastKnownFileType = sourcecode.swift; path = constants.swift; sourceTree = "<group>"; };
		8B6C220523FCA4A10014796E /* SidebarNavView.swift */ = {isa = PBXFileReference; lastKnownFileType = sourcecode.swift; path = SidebarNavView.swift; sourceTree = "<group>"; };
		8B6C220723FCAFF00014796E /* CreateSaleItem.swift */ = {isa = PBXFileReference; lastKnownFileType = sourcecode.swift; path = CreateSaleItem.swift; sourceTree = "<group>"; };
		8BB7CD8223FD038C00E83590 /* SuccessfulView.swift */ = {isa = PBXFileReference; lastKnownFileType = sourcecode.swift; path = SuccessfulView.swift; sourceTree = "<group>"; };
		8BC5210023FBABE600BCC476 /* ProfileView.swift */ = {isa = PBXFileReference; lastKnownFileType = sourcecode.swift; path = ProfileView.swift; sourceTree = "<group>"; };
		8BC5210223FBB25000BCC476 /* ProfileSaleItemView.swift */ = {isa = PBXFileReference; lastKnownFileType = sourcecode.swift; path = ProfileSaleItemView.swift; sourceTree = "<group>"; };
		8BE89B7023EF7D4100EC2076 /* Poppins-LightItalic.ttf */ = {isa = PBXFileReference; lastKnownFileType = file; path = "Poppins-LightItalic.ttf"; sourceTree = "<group>"; };
		8BE89B7123EF7D4100EC2076 /* Poppins-ThinItalic.ttf */ = {isa = PBXFileReference; lastKnownFileType = file; path = "Poppins-ThinItalic.ttf"; sourceTree = "<group>"; };
		8BE89B7223EF7D4100EC2076 /* Poppins-Italic.ttf */ = {isa = PBXFileReference; lastKnownFileType = file; path = "Poppins-Italic.ttf"; sourceTree = "<group>"; };
		8BE89B7323EF7D4100EC2076 /* Poppins-Medium.ttf */ = {isa = PBXFileReference; lastKnownFileType = file; path = "Poppins-Medium.ttf"; sourceTree = "<group>"; };
		8BE89B7423EF7D4100EC2076 /* Poppins-ExtraLight.ttf */ = {isa = PBXFileReference; lastKnownFileType = file; path = "Poppins-ExtraLight.ttf"; sourceTree = "<group>"; };
		8BE89B7523EF7D4100EC2076 /* Poppins-ExtraBoldItalic.ttf */ = {isa = PBXFileReference; lastKnownFileType = file; path = "Poppins-ExtraBoldItalic.ttf"; sourceTree = "<group>"; };
		8BE89B7623EF7D4100EC2076 /* Poppins-Bold.ttf */ = {isa = PBXFileReference; lastKnownFileType = file; path = "Poppins-Bold.ttf"; sourceTree = "<group>"; };
		8BE89B7723EF7D4100EC2076 /* Poppins-MediumItalic.ttf */ = {isa = PBXFileReference; lastKnownFileType = file; path = "Poppins-MediumItalic.ttf"; sourceTree = "<group>"; };
		8BE89B7823EF7D4100EC2076 /* Poppins-ExtraLightItalic.ttf */ = {isa = PBXFileReference; lastKnownFileType = file; path = "Poppins-ExtraLightItalic.ttf"; sourceTree = "<group>"; };
		8BE89B7923EF7D4100EC2076 /* Poppins-Regular.ttf */ = {isa = PBXFileReference; lastKnownFileType = file; path = "Poppins-Regular.ttf"; sourceTree = "<group>"; };
		8BE89B7A23EF7D4100EC2076 /* Poppins-Thin.ttf */ = {isa = PBXFileReference; lastKnownFileType = file; path = "Poppins-Thin.ttf"; sourceTree = "<group>"; };
		8BE89B7B23EF7D4100EC2076 /* Poppins-ExtraBold.ttf */ = {isa = PBXFileReference; lastKnownFileType = file; path = "Poppins-ExtraBold.ttf"; sourceTree = "<group>"; };
		8BE89B7C23EF7D4200EC2076 /* Poppins-BoldItalic.ttf */ = {isa = PBXFileReference; lastKnownFileType = file; path = "Poppins-BoldItalic.ttf"; sourceTree = "<group>"; };
		8BE89B7D23EF7D4200EC2076 /* Poppins-Light.ttf */ = {isa = PBXFileReference; lastKnownFileType = file; path = "Poppins-Light.ttf"; sourceTree = "<group>"; };
		8BE89B7E23EF7D4200EC2076 /* Poppins-BlackItalic.ttf */ = {isa = PBXFileReference; lastKnownFileType = file; path = "Poppins-BlackItalic.ttf"; sourceTree = "<group>"; };
		8BE89B7F23EF7D4200EC2076 /* Poppins-Black.ttf */ = {isa = PBXFileReference; lastKnownFileType = file; path = "Poppins-Black.ttf"; sourceTree = "<group>"; };
		8BE89B8023EF7D4200EC2076 /* Poppins-SemiBoldItalic.ttf */ = {isa = PBXFileReference; lastKnownFileType = file; path = "Poppins-SemiBoldItalic.ttf"; sourceTree = "<group>"; };
		8BE89B8123EF7D4200EC2076 /* Poppins-SemiBold.ttf */ = {isa = PBXFileReference; lastKnownFileType = file; path = "Poppins-SemiBold.ttf"; sourceTree = "<group>"; };
		8BE89B9423EF835400EC2076 /* SplashscreenView.swift */ = {isa = PBXFileReference; lastKnownFileType = sourcecode.swift; path = SplashscreenView.swift; sourceTree = "<group>"; };
		8BE89B9623F0900500EC2076 /* LoginView.swift */ = {isa = PBXFileReference; lastKnownFileType = sourcecode.swift; path = LoginView.swift; sourceTree = "<group>"; };
		A23D9203AF6575B8387CC6A7 /* Pods_RaffleBayTests.framework */ = {isa = PBXFileReference; explicitFileType = wrapper.framework; includeInIndex = 0; path = Pods_RaffleBayTests.framework; sourceTree = BUILT_PRODUCTS_DIR; };
		ABA14B827A9D72B336BFD9D8 /* Pods-RaffleBay-RaffleBayUITests.debug.xcconfig */ = {isa = PBXFileReference; includeInIndex = 1; lastKnownFileType = text.xcconfig; name = "Pods-RaffleBay-RaffleBayUITests.debug.xcconfig"; path = "Target Support Files/Pods-RaffleBay-RaffleBayUITests/Pods-RaffleBay-RaffleBayUITests.debug.xcconfig"; sourceTree = "<group>"; };
		B247F55423FE270500FA7830 /* UploadSaleItemView.swift */ = {isa = PBXFileReference; lastKnownFileType = sourcecode.swift; path = UploadSaleItemView.swift; sourceTree = "<group>"; };
		B247F55623FE349E00FA7830 /* CameraController.swift */ = {isa = PBXFileReference; lastKnownFileType = sourcecode.swift; path = CameraController.swift; sourceTree = "<group>"; };
		B247F55823FF38E600FA7830 /* AuthenticationViewModel.swift */ = {isa = PBXFileReference; lastKnownFileType = sourcecode.swift; path = AuthenticationViewModel.swift; sourceTree = "<group>"; };
		B247F55A23FFA00100FA7830 /* ProfileViewController.swift */ = {isa = PBXFileReference; lastKnownFileType = sourcecode.swift; path = ProfileViewController.swift; sourceTree = "<group>"; };
		B247F55C23FFAD6C00FA7830 /* CreateSaleItemViewController.swift */ = {isa = PBXFileReference; lastKnownFileType = sourcecode.swift; path = CreateSaleItemViewController.swift; sourceTree = "<group>"; };
		B273463F240B3198005FF61D /* SellingOrBuyingItem.swift */ = {isa = PBXFileReference; lastKnownFileType = sourcecode.swift; path = SellingOrBuyingItem.swift; sourceTree = "<group>"; };
		B2734643240B88EC005FF61D /* ProfileBidItemView.swift */ = {isa = PBXFileReference; lastKnownFileType = sourcecode.swift; path = ProfileBidItemView.swift; sourceTree = "<group>"; };
		B2734649241425B2005FF61D /* SaleItemDetailViewController.swift */ = {isa = PBXFileReference; lastKnownFileType = sourcecode.swift; path = SaleItemDetailViewController.swift; sourceTree = "<group>"; };
		B273464B24142EC7005FF61D /* SignupViewController.swift */ = {isa = PBXFileReference; lastKnownFileType = sourcecode.swift; path = SignupViewController.swift; sourceTree = "<group>"; };
		B27513A723ECAC47007305A0 /* RaffleBay.app */ = {isa = PBXFileReference; explicitFileType = wrapper.application; includeInIndex = 0; path = RaffleBay.app; sourceTree = BUILT_PRODUCTS_DIR; };
		B27513AA23ECAC47007305A0 /* AppDelegate.swift */ = {isa = PBXFileReference; lastKnownFileType = sourcecode.swift; path = AppDelegate.swift; sourceTree = "<group>"; };
		B27513AC23ECAC47007305A0 /* SceneDelegate.swift */ = {isa = PBXFileReference; lastKnownFileType = sourcecode.swift; path = SceneDelegate.swift; sourceTree = "<group>"; };
		B27513AF23ECAC47007305A0 /* RaffleBay.xcdatamodel */ = {isa = PBXFileReference; lastKnownFileType = wrapper.xcdatamodel; path = RaffleBay.xcdatamodel; sourceTree = "<group>"; };
		B27513B123ECAC47007305A0 /* ContentView.swift */ = {isa = PBXFileReference; lastKnownFileType = sourcecode.swift; path = ContentView.swift; sourceTree = "<group>"; };
		B27513B323ECAC4A007305A0 /* Assets.xcassets */ = {isa = PBXFileReference; lastKnownFileType = folder.assetcatalog; path = Assets.xcassets; sourceTree = "<group>"; };
		B27513B623ECAC4A007305A0 /* Preview Assets.xcassets */ = {isa = PBXFileReference; lastKnownFileType = folder.assetcatalog; path = "Preview Assets.xcassets"; sourceTree = "<group>"; };
		B27513B923ECAC4A007305A0 /* Base */ = {isa = PBXFileReference; lastKnownFileType = file.storyboard; name = Base; path = Base.lproj/LaunchScreen.storyboard; sourceTree = "<group>"; };
		B27513BB23ECAC4A007305A0 /* Info.plist */ = {isa = PBXFileReference; lastKnownFileType = text.plist.xml; path = Info.plist; sourceTree = "<group>"; };
		B27513C023ECAC4A007305A0 /* RaffleBayTests.xctest */ = {isa = PBXFileReference; explicitFileType = wrapper.cfbundle; includeInIndex = 0; path = RaffleBayTests.xctest; sourceTree = BUILT_PRODUCTS_DIR; };
		B27513C423ECAC4A007305A0 /* RaffleBayTests.swift */ = {isa = PBXFileReference; lastKnownFileType = sourcecode.swift; path = RaffleBayTests.swift; sourceTree = "<group>"; };
		B27513C623ECAC4A007305A0 /* Info.plist */ = {isa = PBXFileReference; lastKnownFileType = text.plist.xml; path = Info.plist; sourceTree = "<group>"; };
		B27513CB23ECAC4A007305A0 /* RaffleBayUITests.xctest */ = {isa = PBXFileReference; explicitFileType = wrapper.cfbundle; includeInIndex = 0; path = RaffleBayUITests.xctest; sourceTree = BUILT_PRODUCTS_DIR; };
		B27513CF23ECAC4A007305A0 /* RaffleBayUITests.swift */ = {isa = PBXFileReference; lastKnownFileType = sourcecode.swift; path = RaffleBayUITests.swift; sourceTree = "<group>"; };
		B27513D123ECAC4A007305A0 /* Info.plist */ = {isa = PBXFileReference; lastKnownFileType = text.plist.xml; path = Info.plist; sourceTree = "<group>"; };
		B27513DE23ECACB3007305A0 /* SaleItemTestData.swift */ = {isa = PBXFileReference; lastKnownFileType = sourcecode.swift; path = SaleItemTestData.swift; sourceTree = "<group>"; };
		B27513E123ECACD6007305A0 /* SaleItem.swift */ = {isa = PBXFileReference; lastKnownFileType = sourcecode.swift; path = SaleItem.swift; sourceTree = "<group>"; };
		B27513E323ECACEA007305A0 /* User.swift */ = {isa = PBXFileReference; lastKnownFileType = sourcecode.swift; path = User.swift; sourceTree = "<group>"; };
		B27513E623ECAD11007305A0 /* SaleItemCellView.swift */ = {isa = PBXFileReference; lastKnownFileType = sourcecode.swift; path = SaleItemCellView.swift; sourceTree = "<group>"; };
		B27513E923ECAD38007305A0 /* SaleItemTableView.swift */ = {isa = PBXFileReference; lastKnownFileType = sourcecode.swift; path = SaleItemTableView.swift; sourceTree = "<group>"; };
		B27513EB23ECAD52007305A0 /* SaleItemDetailView.swift */ = {isa = PBXFileReference; lastKnownFileType = sourcecode.swift; path = SaleItemDetailView.swift; sourceTree = "<group>"; };
		B27513F023ECB061007305A0 /* SignupView.swift */ = {isa = PBXFileReference; lastKnownFileType = sourcecode.swift; path = SignupView.swift; sourceTree = "<group>"; };
		B2FF79FB23F5FA0900AE9572 /* LoginViewController.swift */ = {isa = PBXFileReference; lastKnownFileType = sourcecode.swift; path = LoginViewController.swift; sourceTree = "<group>"; };
		C5712EAFB30555AB4BBECD42 /* Pods_RaffleBay_RaffleBayUITests.framework */ = {isa = PBXFileReference; explicitFileType = wrapper.framework; includeInIndex = 0; path = Pods_RaffleBay_RaffleBayUITests.framework; sourceTree = BUILT_PRODUCTS_DIR; };
/* End PBXFileReference section */

/* Begin PBXFrameworksBuildPhase section */
		B27513A423ECAC47007305A0 /* Frameworks */ = {
			isa = PBXFrameworksBuildPhase;
			buildActionMask = 2147483647;
			files = (
				43ECFBBF65465718D230BF45 /* Pods_RaffleBay.framework in Frameworks */,
			);
			runOnlyForDeploymentPostprocessing = 0;
		};
		B27513BD23ECAC4A007305A0 /* Frameworks */ = {
			isa = PBXFrameworksBuildPhase;
			buildActionMask = 2147483647;
			files = (
				A3CA20C487169747B8DBE422 /* Pods_RaffleBayTests.framework in Frameworks */,
			);
			runOnlyForDeploymentPostprocessing = 0;
		};
		B27513C823ECAC4A007305A0 /* Frameworks */ = {
			isa = PBXFrameworksBuildPhase;
			buildActionMask = 2147483647;
			files = (
				EA1F03AABD6C0E1B52460AF6 /* Pods_RaffleBay_RaffleBayUITests.framework in Frameworks */,
			);
			runOnlyForDeploymentPostprocessing = 0;
		};
/* End PBXFrameworksBuildPhase section */

/* Begin PBXGroup section */
		47D03C900500155FDD4A07AE /* Pods */ = {
			isa = PBXGroup;
			children = (
				297D5F3C5198DEDED748DFDB /* Pods-RaffleBay.debug.xcconfig */,
				20D7B4E73972CF595F6EE612 /* Pods-RaffleBay.release.xcconfig */,
				ABA14B827A9D72B336BFD9D8 /* Pods-RaffleBay-RaffleBayUITests.debug.xcconfig */,
				7C9F8FC28B3FA4503302B099 /* Pods-RaffleBay-RaffleBayUITests.release.xcconfig */,
				6DA863272F66B65FDDC4B6ED /* Pods-RaffleBayTests.debug.xcconfig */,
				55E779020CC0948D0C0A0494 /* Pods-RaffleBayTests.release.xcconfig */,
			);
			path = Pods;
			sourceTree = "<group>";
		};
		8BE89B6F23EF7C7200EC2076 /* Fonts */ = {
			isa = PBXGroup;
			children = (
				8BE89B7F23EF7D4200EC2076 /* Poppins-Black.ttf */,
				8BE89B7E23EF7D4200EC2076 /* Poppins-BlackItalic.ttf */,
				8BE89B7623EF7D4100EC2076 /* Poppins-Bold.ttf */,
				8BE89B7C23EF7D4200EC2076 /* Poppins-BoldItalic.ttf */,
				8BE89B7B23EF7D4100EC2076 /* Poppins-ExtraBold.ttf */,
				8BE89B7523EF7D4100EC2076 /* Poppins-ExtraBoldItalic.ttf */,
				8BE89B7423EF7D4100EC2076 /* Poppins-ExtraLight.ttf */,
				8BE89B7823EF7D4100EC2076 /* Poppins-ExtraLightItalic.ttf */,
				8BE89B7223EF7D4100EC2076 /* Poppins-Italic.ttf */,
				8BE89B7D23EF7D4200EC2076 /* Poppins-Light.ttf */,
				8BE89B7023EF7D4100EC2076 /* Poppins-LightItalic.ttf */,
				8BE89B7323EF7D4100EC2076 /* Poppins-Medium.ttf */,
				8BE89B7723EF7D4100EC2076 /* Poppins-MediumItalic.ttf */,
				8BE89B7923EF7D4100EC2076 /* Poppins-Regular.ttf */,
				8BE89B8123EF7D4200EC2076 /* Poppins-SemiBold.ttf */,
				8BE89B8023EF7D4200EC2076 /* Poppins-SemiBoldItalic.ttf */,
				8BE89B7A23EF7D4100EC2076 /* Poppins-Thin.ttf */,
				8BE89B7123EF7D4100EC2076 /* Poppins-ThinItalic.ttf */,
			);
			path = Fonts;
			sourceTree = "<group>";
		};
		8BF63948241032AD003E377C /* Pre-Authorization Views */ = {
			isa = PBXGroup;
			children = (
				8BE89B9423EF835400EC2076 /* SplashscreenView.swift */,
				8BE89B9623F0900500EC2076 /* LoginView.swift */,
				B27513F023ECB061007305A0 /* SignupView.swift */,
			);
			path = "Pre-Authorization Views";
			sourceTree = "<group>";
		};
		8BF6394A24103757003E377C /* Purchase Item Views */ = {
			isa = PBXGroup;
			children = (
				8BB7CD8223FD038C00E83590 /* SuccessfulView.swift */,
				B27513EB23ECAD52007305A0 /* SaleItemDetailView.swift */,
			);
			path = "Purchase Item Views";
			sourceTree = "<group>";
		};
		8BF6394B2410383C003E377C /* Profile View Elements  */ = {
			isa = PBXGroup;
			children = (
				8BC5210023FBABE600BCC476 /* ProfileView.swift */,
				8BC5210223FBB25000BCC476 /* ProfileSaleItemView.swift */,
				B2734643240B88EC005FF61D /* ProfileBidItemView.swift */,
			);
			path = "Profile View Elements ";
			sourceTree = "<group>";
		};
		A774BB9277D7FA20759246DB /* Frameworks */ = {
			isa = PBXGroup;
			children = (
				3081B660AC02309A8C4192C8 /* Pods_RaffleBay.framework */,
				C5712EAFB30555AB4BBECD42 /* Pods_RaffleBay_RaffleBayUITests.framework */,
				A23D9203AF6575B8387CC6A7 /* Pods_RaffleBayTests.framework */,
			);
			name = Frameworks;
			sourceTree = "<group>";
		};
		B275139E23ECAC47007305A0 = {
			isa = PBXGroup;
			children = (
				B27513A923ECAC47007305A0 /* RaffleBay */,
				B27513C323ECAC4A007305A0 /* RaffleBayTests */,
				B27513CE23ECAC4A007305A0 /* RaffleBayUITests */,
				B27513A823ECAC47007305A0 /* Products */,
				47D03C900500155FDD4A07AE /* Pods */,
				A774BB9277D7FA20759246DB /* Frameworks */,
			);
			sourceTree = "<group>";
		};
		B27513A823ECAC47007305A0 /* Products */ = {
			isa = PBXGroup;
			children = (
				B27513A723ECAC47007305A0 /* RaffleBay.app */,
				B27513C023ECAC4A007305A0 /* RaffleBayTests.xctest */,
				B27513CB23ECAC4A007305A0 /* RaffleBayUITests.xctest */,
			);
			name = Products;
			sourceTree = "<group>";
		};
		B27513A923ECAC47007305A0 /* RaffleBay */ = {
			isa = PBXGroup;
			children = (
				B27513ED23ECAD5C007305A0 /* Controller */,
				B27513E523ECACF7007305A0 /* View */,
				B27513E023ECACC7007305A0 /* Model */,
				B27513DD23ECAC9D007305A0 /* Test */,
				B27513AA23ECAC47007305A0 /* AppDelegate.swift */,
				B27513AC23ECAC47007305A0 /* SceneDelegate.swift */,
				B27513B323ECAC4A007305A0 /* Assets.xcassets */,
				B27513B823ECAC4A007305A0 /* LaunchScreen.storyboard */,
				B27513BB23ECAC4A007305A0 /* Info.plist */,
				B27513AE23ECAC47007305A0 /* RaffleBay.xcdatamodeld */,
				8BE89B6F23EF7C7200EC2076 /* Fonts */,
				B27513B523ECAC4A007305A0 /* Preview Content */,
			);
			path = RaffleBay;
			sourceTree = "<group>";
		};
		B27513B523ECAC4A007305A0 /* Preview Content */ = {
			isa = PBXGroup;
			children = (
				B27513B623ECAC4A007305A0 /* Preview Assets.xcassets */,
			);
			path = "Preview Content";
			sourceTree = "<group>";
		};
		B27513C323ECAC4A007305A0 /* RaffleBayTests */ = {
			isa = PBXGroup;
			children = (
				B27513C423ECAC4A007305A0 /* RaffleBayTests.swift */,
				B27513C623ECAC4A007305A0 /* Info.plist */,
			);
			path = RaffleBayTests;
			sourceTree = "<group>";
		};
		B27513CE23ECAC4A007305A0 /* RaffleBayUITests */ = {
			isa = PBXGroup;
			children = (
				B27513CF23ECAC4A007305A0 /* RaffleBayUITests.swift */,
				B27513D123ECAC4A007305A0 /* Info.plist */,
			);
			path = RaffleBayUITests;
			sourceTree = "<group>";
		};
		B27513DD23ECAC9D007305A0 /* Test */ = {
			isa = PBXGroup;
			children = (
				B27513DE23ECACB3007305A0 /* SaleItemTestData.swift */,
			);
			path = Test;
			sourceTree = "<group>";
		};
		B27513E023ECACC7007305A0 /* Model */ = {
			isa = PBXGroup;
			children = (
				B27513E123ECACD6007305A0 /* SaleItem.swift */,
				B27513E323ECACEA007305A0 /* User.swift */,
				B247F55823FF38E600FA7830 /* AuthenticationViewModel.swift */,
				B273463F240B3198005FF61D /* SellingOrBuyingItem.swift */,
			);
			path = Model;
			sourceTree = "<group>";
		};
		B27513E523ECACF7007305A0 /* View */ = {
			isa = PBXGroup;
			children = (
				8BF63948241032AD003E377C /* Pre-Authorization Views */,
				8BF6394A24103757003E377C /* Purchase Item Views */,
				8BF6394B2410383C003E377C /* Profile View Elements  */,
				B27513E923ECAD38007305A0 /* SaleItemTableView.swift */,
				B27513E623ECAD11007305A0 /* SaleItemCellView.swift */,
				8B6C220723FCAFF00014796E /* CreateSaleItem.swift */,
				B27513B123ECAC47007305A0 /* ContentView.swift */,
				8B3ACCF723FA14CB0045F6BF /* styles.swift */,
				8B6C220523FCA4A10014796E /* SidebarNavView.swift */,
				8B3ACCF923FA48A70045F6BF /* constants.swift */,
				B247F55423FE270500FA7830 /* UploadSaleItemView.swift */,
			);
			path = View;
			sourceTree = "<group>";
		};
		B27513ED23ECAD5C007305A0 /* Controller */ = {
			isa = PBXGroup;
			children = (
				B2FF79FB23F5FA0900AE9572 /* LoginViewController.swift */,
				B273464B24142EC7005FF61D /* SignupViewController.swift */,
				B247F55623FE349E00FA7830 /* CameraController.swift */,
				B247F55A23FFA00100FA7830 /* ProfileViewController.swift */,
				B247F55C23FFAD6C00FA7830 /* CreateSaleItemViewController.swift */,
				B2734649241425B2005FF61D /* SaleItemDetailViewController.swift */,
			);
			path = Controller;
			sourceTree = "<group>";
		};
/* End PBXGroup section */

/* Begin PBXNativeTarget section */
		B27513A623ECAC47007305A0 /* RaffleBay */ = {
			isa = PBXNativeTarget;
			buildConfigurationList = B27513D423ECAC4A007305A0 /* Build configuration list for PBXNativeTarget "RaffleBay" */;
			buildPhases = (
				972013249AE8884B3F818589 /* [CP] Check Pods Manifest.lock */,
				B27513A323ECAC47007305A0 /* Sources */,
				B27513A423ECAC47007305A0 /* Frameworks */,
				B27513A523ECAC47007305A0 /* Resources */,
				F9C8DF6D6BDDD8E680440C5F /* [CP] Embed Pods Frameworks */,
			);
			buildRules = (
			);
			dependencies = (
			);
			name = RaffleBay;
			productName = RaffleBay;
			productReference = B27513A723ECAC47007305A0 /* RaffleBay.app */;
			productType = "com.apple.product-type.application";
		};
		B27513BF23ECAC4A007305A0 /* RaffleBayTests */ = {
			isa = PBXNativeTarget;
			buildConfigurationList = B27513D723ECAC4A007305A0 /* Build configuration list for PBXNativeTarget "RaffleBayTests" */;
			buildPhases = (
				A6256D1A74A191FBFBA3CB50 /* [CP] Check Pods Manifest.lock */,
				B27513BC23ECAC4A007305A0 /* Sources */,
				B27513BD23ECAC4A007305A0 /* Frameworks */,
				B27513BE23ECAC4A007305A0 /* Resources */,
			);
			buildRules = (
			);
			dependencies = (
				B27513C223ECAC4A007305A0 /* PBXTargetDependency */,
			);
			name = RaffleBayTests;
			productName = RaffleBayTests;
			productReference = B27513C023ECAC4A007305A0 /* RaffleBayTests.xctest */;
			productType = "com.apple.product-type.bundle.unit-test";
		};
		B27513CA23ECAC4A007305A0 /* RaffleBayUITests */ = {
			isa = PBXNativeTarget;
			buildConfigurationList = B27513DA23ECAC4A007305A0 /* Build configuration list for PBXNativeTarget "RaffleBayUITests" */;
			buildPhases = (
				84FDB1AC561C3EBEC5178E70 /* [CP] Check Pods Manifest.lock */,
				B27513C723ECAC4A007305A0 /* Sources */,
				B27513C823ECAC4A007305A0 /* Frameworks */,
				B27513C923ECAC4A007305A0 /* Resources */,
				DA8BEE579B2DF7D2275514FC /* [CP] Embed Pods Frameworks */,
			);
			buildRules = (
			);
			dependencies = (
				B27513CD23ECAC4A007305A0 /* PBXTargetDependency */,
			);
			name = RaffleBayUITests;
			productName = RaffleBayUITests;
			productReference = B27513CB23ECAC4A007305A0 /* RaffleBayUITests.xctest */;
			productType = "com.apple.product-type.bundle.ui-testing";
		};
/* End PBXNativeTarget section */

/* Begin PBXProject section */
		B275139F23ECAC47007305A0 /* Project object */ = {
			isa = PBXProject;
			attributes = {
				LastSwiftUpdateCheck = 1130;
				LastUpgradeCheck = 1130;
				ORGANIZATIONNAME = "Meera Rachamallu";
				TargetAttributes = {
					B27513A623ECAC47007305A0 = {
						CreatedOnToolsVersion = 11.3.1;
					};
					B27513BF23ECAC4A007305A0 = {
						CreatedOnToolsVersion = 11.3.1;
						TestTargetID = B27513A623ECAC47007305A0;
					};
					B27513CA23ECAC4A007305A0 = {
						CreatedOnToolsVersion = 11.3.1;
						TestTargetID = B27513A623ECAC47007305A0;
					};
				};
			};
			buildConfigurationList = B27513A223ECAC47007305A0 /* Build configuration list for PBXProject "RaffleBay" */;
			compatibilityVersion = "Xcode 9.3";
			developmentRegion = en;
			hasScannedForEncodings = 0;
			knownRegions = (
				en,
				Base,
			);
			mainGroup = B275139E23ECAC47007305A0;
			productRefGroup = B27513A823ECAC47007305A0 /* Products */;
			projectDirPath = "";
			projectRoot = "";
			targets = (
				B27513A623ECAC47007305A0 /* RaffleBay */,
				B27513BF23ECAC4A007305A0 /* RaffleBayTests */,
				B27513CA23ECAC4A007305A0 /* RaffleBayUITests */,
			);
		};
/* End PBXProject section */

/* Begin PBXResourcesBuildPhase section */
		B27513A523ECAC47007305A0 /* Resources */ = {
			isa = PBXResourcesBuildPhase;
			buildActionMask = 2147483647;
			files = (
				8BE89B8A23EF7D4200EC2076 /* Poppins-ExtraLightItalic.ttf in Resources */,
				8BE89B8F23EF7D4200EC2076 /* Poppins-Light.ttf in Resources */,
				8BE89B8D23EF7D4200EC2076 /* Poppins-ExtraBold.ttf in Resources */,
				8BE89B8C23EF7D4200EC2076 /* Poppins-Thin.ttf in Resources */,
				8BE89B8423EF7D4200EC2076 /* Poppins-Italic.ttf in Resources */,
				8BE89B9223EF7D4200EC2076 /* Poppins-SemiBoldItalic.ttf in Resources */,
				8BE89B9123EF7D4200EC2076 /* Poppins-Black.ttf in Resources */,
				8BE89B8B23EF7D4200EC2076 /* Poppins-Regular.ttf in Resources */,
				8BE89B8923EF7D4200EC2076 /* Poppins-MediumItalic.ttf in Resources */,
				8BE89B8523EF7D4200EC2076 /* Poppins-Medium.ttf in Resources */,
				B27513BA23ECAC4A007305A0 /* LaunchScreen.storyboard in Resources */,
				8BE89B8723EF7D4200EC2076 /* Poppins-ExtraBoldItalic.ttf in Resources */,
				B27513B723ECAC4A007305A0 /* Preview Assets.xcassets in Resources */,
				8BE89B8623EF7D4200EC2076 /* Poppins-ExtraLight.ttf in Resources */,
				8BE89B8323EF7D4200EC2076 /* Poppins-ThinItalic.ttf in Resources */,
				8BE89B9323EF7D4200EC2076 /* Poppins-SemiBold.ttf in Resources */,
				8BE89B8823EF7D4200EC2076 /* Poppins-Bold.ttf in Resources */,
				B27513B423ECAC4A007305A0 /* Assets.xcassets in Resources */,
				8BE89B8223EF7D4200EC2076 /* Poppins-LightItalic.ttf in Resources */,
				8BE89B9023EF7D4200EC2076 /* Poppins-BlackItalic.ttf in Resources */,
				8BE89B8E23EF7D4200EC2076 /* Poppins-BoldItalic.ttf in Resources */,
			);
			runOnlyForDeploymentPostprocessing = 0;
		};
		B27513BE23ECAC4A007305A0 /* Resources */ = {
			isa = PBXResourcesBuildPhase;
			buildActionMask = 2147483647;
			files = (
			);
			runOnlyForDeploymentPostprocessing = 0;
		};
		B27513C923ECAC4A007305A0 /* Resources */ = {
			isa = PBXResourcesBuildPhase;
			buildActionMask = 2147483647;
			files = (
			);
			runOnlyForDeploymentPostprocessing = 0;
		};
/* End PBXResourcesBuildPhase section */

/* Begin PBXShellScriptBuildPhase section */
		84FDB1AC561C3EBEC5178E70 /* [CP] Check Pods Manifest.lock */ = {
			isa = PBXShellScriptBuildPhase;
			buildActionMask = 2147483647;
			files = (
			);
			inputFileListPaths = (
			);
			inputPaths = (
				"${PODS_PODFILE_DIR_PATH}/Podfile.lock",
				"${PODS_ROOT}/Manifest.lock",
			);
			name = "[CP] Check Pods Manifest.lock";
			outputFileListPaths = (
			);
			outputPaths = (
				"$(DERIVED_FILE_DIR)/Pods-RaffleBay-RaffleBayUITests-checkManifestLockResult.txt",
			);
			runOnlyForDeploymentPostprocessing = 0;
			shellPath = /bin/sh;
			shellScript = "diff \"${PODS_PODFILE_DIR_PATH}/Podfile.lock\" \"${PODS_ROOT}/Manifest.lock\" > /dev/null\nif [ $? != 0 ] ; then\n    # print error to STDERR\n    echo \"error: The sandbox is not in sync with the Podfile.lock. Run 'pod install' or update your CocoaPods installation.\" >&2\n    exit 1\nfi\n# This output is used by Xcode 'outputs' to avoid re-running this script phase.\necho \"SUCCESS\" > \"${SCRIPT_OUTPUT_FILE_0}\"\n";
			showEnvVarsInLog = 0;
		};
		972013249AE8884B3F818589 /* [CP] Check Pods Manifest.lock */ = {
			isa = PBXShellScriptBuildPhase;
			buildActionMask = 2147483647;
			files = (
			);
			inputFileListPaths = (
			);
			inputPaths = (
				"${PODS_PODFILE_DIR_PATH}/Podfile.lock",
				"${PODS_ROOT}/Manifest.lock",
			);
			name = "[CP] Check Pods Manifest.lock";
			outputFileListPaths = (
			);
			outputPaths = (
				"$(DERIVED_FILE_DIR)/Pods-RaffleBay-checkManifestLockResult.txt",
			);
			runOnlyForDeploymentPostprocessing = 0;
			shellPath = /bin/sh;
			shellScript = "diff \"${PODS_PODFILE_DIR_PATH}/Podfile.lock\" \"${PODS_ROOT}/Manifest.lock\" > /dev/null\nif [ $? != 0 ] ; then\n    # print error to STDERR\n    echo \"error: The sandbox is not in sync with the Podfile.lock. Run 'pod install' or update your CocoaPods installation.\" >&2\n    exit 1\nfi\n# This output is used by Xcode 'outputs' to avoid re-running this script phase.\necho \"SUCCESS\" > \"${SCRIPT_OUTPUT_FILE_0}\"\n";
			showEnvVarsInLog = 0;
		};
		A6256D1A74A191FBFBA3CB50 /* [CP] Check Pods Manifest.lock */ = {
			isa = PBXShellScriptBuildPhase;
			buildActionMask = 2147483647;
			files = (
			);
			inputFileListPaths = (
			);
			inputPaths = (
				"${PODS_PODFILE_DIR_PATH}/Podfile.lock",
				"${PODS_ROOT}/Manifest.lock",
			);
			name = "[CP] Check Pods Manifest.lock";
			outputFileListPaths = (
			);
			outputPaths = (
				"$(DERIVED_FILE_DIR)/Pods-RaffleBayTests-checkManifestLockResult.txt",
			);
			runOnlyForDeploymentPostprocessing = 0;
			shellPath = /bin/sh;
			shellScript = "diff \"${PODS_PODFILE_DIR_PATH}/Podfile.lock\" \"${PODS_ROOT}/Manifest.lock\" > /dev/null\nif [ $? != 0 ] ; then\n    # print error to STDERR\n    echo \"error: The sandbox is not in sync with the Podfile.lock. Run 'pod install' or update your CocoaPods installation.\" >&2\n    exit 1\nfi\n# This output is used by Xcode 'outputs' to avoid re-running this script phase.\necho \"SUCCESS\" > \"${SCRIPT_OUTPUT_FILE_0}\"\n";
			showEnvVarsInLog = 0;
		};
		DA8BEE579B2DF7D2275514FC /* [CP] Embed Pods Frameworks */ = {
			isa = PBXShellScriptBuildPhase;
			buildActionMask = 2147483647;
			files = (
			);
			inputFileListPaths = (
				"${PODS_ROOT}/Target Support Files/Pods-RaffleBay-RaffleBayUITests/Pods-RaffleBay-RaffleBayUITests-frameworks-${CONFIGURATION}-input-files.xcfilelist",
			);
			name = "[CP] Embed Pods Frameworks";
			outputFileListPaths = (
				"${PODS_ROOT}/Target Support Files/Pods-RaffleBay-RaffleBayUITests/Pods-RaffleBay-RaffleBayUITests-frameworks-${CONFIGURATION}-output-files.xcfilelist",
			);
			runOnlyForDeploymentPostprocessing = 0;
			shellPath = /bin/sh;
			shellScript = "\"${PODS_ROOT}/Target Support Files/Pods-RaffleBay-RaffleBayUITests/Pods-RaffleBay-RaffleBayUITests-frameworks.sh\"\n";
			showEnvVarsInLog = 0;
		};
		F9C8DF6D6BDDD8E680440C5F /* [CP] Embed Pods Frameworks */ = {
			isa = PBXShellScriptBuildPhase;
			buildActionMask = 2147483647;
			files = (
			);
			inputFileListPaths = (
				"${PODS_ROOT}/Target Support Files/Pods-RaffleBay/Pods-RaffleBay-frameworks-${CONFIGURATION}-input-files.xcfilelist",
			);
			name = "[CP] Embed Pods Frameworks";
			outputFileListPaths = (
				"${PODS_ROOT}/Target Support Files/Pods-RaffleBay/Pods-RaffleBay-frameworks-${CONFIGURATION}-output-files.xcfilelist",
			);
			runOnlyForDeploymentPostprocessing = 0;
			shellPath = /bin/sh;
			shellScript = "\"${PODS_ROOT}/Target Support Files/Pods-RaffleBay/Pods-RaffleBay-frameworks.sh\"\n";
			showEnvVarsInLog = 0;
		};
/* End PBXShellScriptBuildPhase section */

/* Begin PBXSourcesBuildPhase section */
		B27513A323ECAC47007305A0 /* Sources */ = {
			isa = PBXSourcesBuildPhase;
			buildActionMask = 2147483647;
			files = (
				B2FF79FC23F5FA0900AE9572 /* LoginViewController.swift in Sources */,
				B247F55723FE349E00FA7830 /* CameraController.swift in Sources */,
				B2734644240B88EC005FF61D /* ProfileBidItemView.swift in Sources */,
				8B6C220623FCA4A10014796E /* SidebarNavView.swift in Sources */,
				B27513EA23ECAD38007305A0 /* SaleItemTableView.swift in Sources */,
				B247F55D23FFAD6C00FA7830 /* CreateSaleItemViewController.swift in Sources */,
				8B6C220823FCAFF00014796E /* CreateSaleItem.swift in Sources */,
				8BC5210323FBB25000BCC476 /* ProfileSaleItemView.swift in Sources */,
				8BB7CD8323FD038C00E83590 /* SuccessfulView.swift in Sources */,
				B27513E723ECAD11007305A0 /* SaleItemCellView.swift in Sources */,
				B27513AB23ECAC47007305A0 /* AppDelegate.swift in Sources */,
				8BE89B9523EF835400EC2076 /* SplashscreenView.swift in Sources */,
				B273464C24142EC7005FF61D /* SignupViewController.swift in Sources */,
				B27513EC23ECAD52007305A0 /* SaleItemDetailView.swift in Sources */,
				B27513E223ECACD6007305A0 /* SaleItem.swift in Sources */,
				B2734640240B3198005FF61D /* SellingOrBuyingItem.swift in Sources */,
				B247F55923FF38E600FA7830 /* AuthenticationViewModel.swift in Sources */,
				B273464A241425B2005FF61D /* SaleItemDetailViewController.swift in Sources */,
				8B3ACCFA23FA48A70045F6BF /* constants.swift in Sources */,
				B27513AD23ECAC47007305A0 /* SceneDelegate.swift in Sources */,
				8BC5210123FBABE600BCC476 /* ProfileView.swift in Sources */,
				B27513B223ECAC47007305A0 /* ContentView.swift in Sources */,
				B27513B023ECAC47007305A0 /* RaffleBay.xcdatamodeld in Sources */,
				B27513DF23ECACB3007305A0 /* SaleItemTestData.swift in Sources */,
				8BE89B9723F0900500EC2076 /* LoginView.swift in Sources */,
				B27513F123ECB061007305A0 /* SignupView.swift in Sources */,
				8B3ACCF823FA14CB0045F6BF /* styles.swift in Sources */,
				B247F55B23FFA00100FA7830 /* ProfileViewController.swift in Sources */,
				B27513E423ECACEA007305A0 /* User.swift in Sources */,
				B247F55523FE270500FA7830 /* UploadSaleItemView.swift in Sources */,
			);
			runOnlyForDeploymentPostprocessing = 0;
		};
		B27513BC23ECAC4A007305A0 /* Sources */ = {
			isa = PBXSourcesBuildPhase;
			buildActionMask = 2147483647;
			files = (
				B27513C523ECAC4A007305A0 /* RaffleBayTests.swift in Sources */,
			);
			runOnlyForDeploymentPostprocessing = 0;
		};
		B27513C723ECAC4A007305A0 /* Sources */ = {
			isa = PBXSourcesBuildPhase;
			buildActionMask = 2147483647;
			files = (
				B27513D023ECAC4A007305A0 /* RaffleBayUITests.swift in Sources */,
			);
			runOnlyForDeploymentPostprocessing = 0;
		};
/* End PBXSourcesBuildPhase section */

/* Begin PBXTargetDependency section */
		B27513C223ECAC4A007305A0 /* PBXTargetDependency */ = {
			isa = PBXTargetDependency;
			target = B27513A623ECAC47007305A0 /* RaffleBay */;
			targetProxy = B27513C123ECAC4A007305A0 /* PBXContainerItemProxy */;
		};
		B27513CD23ECAC4A007305A0 /* PBXTargetDependency */ = {
			isa = PBXTargetDependency;
			target = B27513A623ECAC47007305A0 /* RaffleBay */;
			targetProxy = B27513CC23ECAC4A007305A0 /* PBXContainerItemProxy */;
		};
/* End PBXTargetDependency section */

/* Begin PBXVariantGroup section */
		B27513B823ECAC4A007305A0 /* LaunchScreen.storyboard */ = {
			isa = PBXVariantGroup;
			children = (
				B27513B923ECAC4A007305A0 /* Base */,
			);
			name = LaunchScreen.storyboard;
			sourceTree = "<group>";
		};
/* End PBXVariantGroup section */

/* Begin XCBuildConfiguration section */
		B27513D223ECAC4A007305A0 /* Debug */ = {
			isa = XCBuildConfiguration;
			buildSettings = {
				ALWAYS_SEARCH_USER_PATHS = NO;
				CLANG_ANALYZER_NONNULL = YES;
				CLANG_ANALYZER_NUMBER_OBJECT_CONVERSION = YES_AGGRESSIVE;
				CLANG_CXX_LANGUAGE_STANDARD = "gnu++14";
				CLANG_CXX_LIBRARY = "libc++";
				CLANG_ENABLE_MODULES = YES;
				CLANG_ENABLE_OBJC_ARC = YES;
				CLANG_ENABLE_OBJC_WEAK = YES;
				CLANG_WARN_BLOCK_CAPTURE_AUTORELEASING = YES;
				CLANG_WARN_BOOL_CONVERSION = YES;
				CLANG_WARN_COMMA = YES;
				CLANG_WARN_CONSTANT_CONVERSION = YES;
				CLANG_WARN_DEPRECATED_OBJC_IMPLEMENTATIONS = YES;
				CLANG_WARN_DIRECT_OBJC_ISA_USAGE = YES_ERROR;
				CLANG_WARN_DOCUMENTATION_COMMENTS = YES;
				CLANG_WARN_EMPTY_BODY = YES;
				CLANG_WARN_ENUM_CONVERSION = YES;
				CLANG_WARN_INFINITE_RECURSION = YES;
				CLANG_WARN_INT_CONVERSION = YES;
				CLANG_WARN_NON_LITERAL_NULL_CONVERSION = YES;
				CLANG_WARN_OBJC_IMPLICIT_RETAIN_SELF = YES;
				CLANG_WARN_OBJC_LITERAL_CONVERSION = YES;
				CLANG_WARN_OBJC_ROOT_CLASS = YES_ERROR;
				CLANG_WARN_RANGE_LOOP_ANALYSIS = YES;
				CLANG_WARN_STRICT_PROTOTYPES = YES;
				CLANG_WARN_SUSPICIOUS_MOVE = YES;
				CLANG_WARN_UNGUARDED_AVAILABILITY = YES_AGGRESSIVE;
				CLANG_WARN_UNREACHABLE_CODE = YES;
				CLANG_WARN__DUPLICATE_METHOD_MATCH = YES;
				COPY_PHASE_STRIP = NO;
				DEBUG_INFORMATION_FORMAT = dwarf;
				ENABLE_STRICT_OBJC_MSGSEND = YES;
				ENABLE_TESTABILITY = YES;
				GCC_C_LANGUAGE_STANDARD = gnu11;
				GCC_DYNAMIC_NO_PIC = NO;
				GCC_NO_COMMON_BLOCKS = YES;
				GCC_OPTIMIZATION_LEVEL = 0;
				GCC_PREPROCESSOR_DEFINITIONS = (
					"DEBUG=1",
					"$(inherited)",
				);
				GCC_WARN_64_TO_32_BIT_CONVERSION = YES;
				GCC_WARN_ABOUT_RETURN_TYPE = YES_ERROR;
				GCC_WARN_UNDECLARED_SELECTOR = YES;
				GCC_WARN_UNINITIALIZED_AUTOS = YES_AGGRESSIVE;
				GCC_WARN_UNUSED_FUNCTION = YES;
				GCC_WARN_UNUSED_VARIABLE = YES;
				IPHONEOS_DEPLOYMENT_TARGET = 13.2;
				MTL_ENABLE_DEBUG_INFO = INCLUDE_SOURCE;
				MTL_FAST_MATH = YES;
				ONLY_ACTIVE_ARCH = YES;
				SDKROOT = iphoneos;
				SWIFT_ACTIVE_COMPILATION_CONDITIONS = DEBUG;
				SWIFT_OPTIMIZATION_LEVEL = "-Onone";
			};
			name = Debug;
		};
		B27513D323ECAC4A007305A0 /* Release */ = {
			isa = XCBuildConfiguration;
			buildSettings = {
				ALWAYS_SEARCH_USER_PATHS = NO;
				CLANG_ANALYZER_NONNULL = YES;
				CLANG_ANALYZER_NUMBER_OBJECT_CONVERSION = YES_AGGRESSIVE;
				CLANG_CXX_LANGUAGE_STANDARD = "gnu++14";
				CLANG_CXX_LIBRARY = "libc++";
				CLANG_ENABLE_MODULES = YES;
				CLANG_ENABLE_OBJC_ARC = YES;
				CLANG_ENABLE_OBJC_WEAK = YES;
				CLANG_WARN_BLOCK_CAPTURE_AUTORELEASING = YES;
				CLANG_WARN_BOOL_CONVERSION = YES;
				CLANG_WARN_COMMA = YES;
				CLANG_WARN_CONSTANT_CONVERSION = YES;
				CLANG_WARN_DEPRECATED_OBJC_IMPLEMENTATIONS = YES;
				CLANG_WARN_DIRECT_OBJC_ISA_USAGE = YES_ERROR;
				CLANG_WARN_DOCUMENTATION_COMMENTS = YES;
				CLANG_WARN_EMPTY_BODY = YES;
				CLANG_WARN_ENUM_CONVERSION = YES;
				CLANG_WARN_INFINITE_RECURSION = YES;
				CLANG_WARN_INT_CONVERSION = YES;
				CLANG_WARN_NON_LITERAL_NULL_CONVERSION = YES;
				CLANG_WARN_OBJC_IMPLICIT_RETAIN_SELF = YES;
				CLANG_WARN_OBJC_LITERAL_CONVERSION = YES;
				CLANG_WARN_OBJC_ROOT_CLASS = YES_ERROR;
				CLANG_WARN_RANGE_LOOP_ANALYSIS = YES;
				CLANG_WARN_STRICT_PROTOTYPES = YES;
				CLANG_WARN_SUSPICIOUS_MOVE = YES;
				CLANG_WARN_UNGUARDED_AVAILABILITY = YES_AGGRESSIVE;
				CLANG_WARN_UNREACHABLE_CODE = YES;
				CLANG_WARN__DUPLICATE_METHOD_MATCH = YES;
				COPY_PHASE_STRIP = NO;
				DEBUG_INFORMATION_FORMAT = "dwarf-with-dsym";
				ENABLE_NS_ASSERTIONS = NO;
				ENABLE_STRICT_OBJC_MSGSEND = YES;
				GCC_C_LANGUAGE_STANDARD = gnu11;
				GCC_NO_COMMON_BLOCKS = YES;
				GCC_WARN_64_TO_32_BIT_CONVERSION = YES;
				GCC_WARN_ABOUT_RETURN_TYPE = YES_ERROR;
				GCC_WARN_UNDECLARED_SELECTOR = YES;
				GCC_WARN_UNINITIALIZED_AUTOS = YES_AGGRESSIVE;
				GCC_WARN_UNUSED_FUNCTION = YES;
				GCC_WARN_UNUSED_VARIABLE = YES;
				IPHONEOS_DEPLOYMENT_TARGET = 13.2;
				MTL_ENABLE_DEBUG_INFO = NO;
				MTL_FAST_MATH = YES;
				SDKROOT = iphoneos;
				SWIFT_COMPILATION_MODE = wholemodule;
				SWIFT_OPTIMIZATION_LEVEL = "-O";
				VALIDATE_PRODUCT = YES;
			};
			name = Release;
		};
		B27513D523ECAC4A007305A0 /* Debug */ = {
			isa = XCBuildConfiguration;
			baseConfigurationReference = 297D5F3C5198DEDED748DFDB /* Pods-RaffleBay.debug.xcconfig */;
			buildSettings = {
				ASSETCATALOG_COMPILER_APPICON_NAME = AppIcon;
				CODE_SIGN_STYLE = Automatic;
				DEVELOPMENT_ASSET_PATHS = "\"RaffleBay/Preview Content\"";
				DEVELOPMENT_TEAM = GCC5F24AV4;
				ENABLE_PREVIEWS = YES;
				INFOPLIST_FILE = RaffleBay/Info.plist;
				LD_RUNPATH_SEARCH_PATHS = (
					"$(inherited)",
					"@executable_path/Frameworks",
				);
				PRODUCT_BUNDLE_IDENTIFIER = meera.RaffleBay;
				PRODUCT_NAME = "$(TARGET_NAME)";
				SWIFT_VERSION = 5.0;
				TARGETED_DEVICE_FAMILY = "1,2";
			};
			name = Debug;
		};
		B27513D623ECAC4A007305A0 /* Release */ = {
			isa = XCBuildConfiguration;
			baseConfigurationReference = 20D7B4E73972CF595F6EE612 /* Pods-RaffleBay.release.xcconfig */;
			buildSettings = {
				ASSETCATALOG_COMPILER_APPICON_NAME = AppIcon;
				CODE_SIGN_STYLE = Automatic;
				DEVELOPMENT_ASSET_PATHS = "\"RaffleBay/Preview Content\"";
				DEVELOPMENT_TEAM = GCC5F24AV4;
				ENABLE_PREVIEWS = YES;
				INFOPLIST_FILE = RaffleBay/Info.plist;
				LD_RUNPATH_SEARCH_PATHS = (
					"$(inherited)",
					"@executable_path/Frameworks",
				);
				PRODUCT_BUNDLE_IDENTIFIER = meera.RaffleBay;
				PRODUCT_NAME = "$(TARGET_NAME)";
				SWIFT_VERSION = 5.0;
				TARGETED_DEVICE_FAMILY = "1,2";
			};
			name = Release;
		};
		B27513D823ECAC4A007305A0 /* Debug */ = {
			isa = XCBuildConfiguration;
			baseConfigurationReference = 6DA863272F66B65FDDC4B6ED /* Pods-RaffleBayTests.debug.xcconfig */;
			buildSettings = {
				ALWAYS_EMBED_SWIFT_STANDARD_LIBRARIES = YES;
				BUNDLE_LOADER = "$(TEST_HOST)";
				CODE_SIGN_STYLE = Automatic;
				DEVELOPMENT_TEAM = GCC5F24AV4;
				INFOPLIST_FILE = RaffleBayTests/Info.plist;
				IPHONEOS_DEPLOYMENT_TARGET = 13.2;
				LD_RUNPATH_SEARCH_PATHS = (
					"$(inherited)",
					"@executable_path/Frameworks",
					"@loader_path/Frameworks",
				);
				PRODUCT_BUNDLE_IDENTIFIER = meera.RaffleBayTests;
				PRODUCT_NAME = "$(TARGET_NAME)";
				SWIFT_VERSION = 5.0;
				TARGETED_DEVICE_FAMILY = "1,2";
				TEST_HOST = "$(BUILT_PRODUCTS_DIR)/RaffleBay.app/RaffleBay";
			};
			name = Debug;
		};
		B27513D923ECAC4A007305A0 /* Release */ = {
			isa = XCBuildConfiguration;
			baseConfigurationReference = 55E779020CC0948D0C0A0494 /* Pods-RaffleBayTests.release.xcconfig */;
			buildSettings = {
				ALWAYS_EMBED_SWIFT_STANDARD_LIBRARIES = YES;
				BUNDLE_LOADER = "$(TEST_HOST)";
				CODE_SIGN_STYLE = Automatic;
				DEVELOPMENT_TEAM = GCC5F24AV4;
				INFOPLIST_FILE = RaffleBayTests/Info.plist;
				IPHONEOS_DEPLOYMENT_TARGET = 13.2;
				LD_RUNPATH_SEARCH_PATHS = (
					"$(inherited)",
					"@executable_path/Frameworks",
					"@loader_path/Frameworks",
				);
				PRODUCT_BUNDLE_IDENTIFIER = meera.RaffleBayTests;
				PRODUCT_NAME = "$(TARGET_NAME)";
				SWIFT_VERSION = 5.0;
				TARGETED_DEVICE_FAMILY = "1,2";
				TEST_HOST = "$(BUILT_PRODUCTS_DIR)/RaffleBay.app/RaffleBay";
			};
			name = Release;
		};
		B27513DB23ECAC4A007305A0 /* Debug */ = {
			isa = XCBuildConfiguration;
			baseConfigurationReference = ABA14B827A9D72B336BFD9D8 /* Pods-RaffleBay-RaffleBayUITests.debug.xcconfig */;
			buildSettings = {
				ALWAYS_EMBED_SWIFT_STANDARD_LIBRARIES = YES;
				CODE_SIGN_STYLE = Automatic;
				DEVELOPMENT_TEAM = GCC5F24AV4;
				INFOPLIST_FILE = RaffleBayUITests/Info.plist;
				LD_RUNPATH_SEARCH_PATHS = (
					"$(inherited)",
					"@executable_path/Frameworks",
					"@loader_path/Frameworks",
				);
				PRODUCT_BUNDLE_IDENTIFIER = meera.RaffleBayUITests;
				PRODUCT_NAME = "$(TARGET_NAME)";
				SWIFT_VERSION = 5.0;
				TARGETED_DEVICE_FAMILY = "1,2";
				TEST_TARGET_NAME = RaffleBay;
			};
			name = Debug;
		};
		B27513DC23ECAC4A007305A0 /* Release */ = {
			isa = XCBuildConfiguration;
			baseConfigurationReference = 7C9F8FC28B3FA4503302B099 /* Pods-RaffleBay-RaffleBayUITests.release.xcconfig */;
			buildSettings = {
				ALWAYS_EMBED_SWIFT_STANDARD_LIBRARIES = YES;
				CODE_SIGN_STYLE = Automatic;
				DEVELOPMENT_TEAM = GCC5F24AV4;
				INFOPLIST_FILE = RaffleBayUITests/Info.plist;
				LD_RUNPATH_SEARCH_PATHS = (
					"$(inherited)",
					"@executable_path/Frameworks",
					"@loader_path/Frameworks",
				);
				PRODUCT_BUNDLE_IDENTIFIER = meera.RaffleBayUITests;
				PRODUCT_NAME = "$(TARGET_NAME)";
				SWIFT_VERSION = 5.0;
				TARGETED_DEVICE_FAMILY = "1,2";
				TEST_TARGET_NAME = RaffleBay;
			};
			name = Release;
		};
/* End XCBuildConfiguration section */

/* Begin XCConfigurationList section */
		B27513A223ECAC47007305A0 /* Build configuration list for PBXProject "RaffleBay" */ = {
			isa = XCConfigurationList;
			buildConfigurations = (
				B27513D223ECAC4A007305A0 /* Debug */,
				B27513D323ECAC4A007305A0 /* Release */,
			);
			defaultConfigurationIsVisible = 0;
			defaultConfigurationName = Release;
		};
		B27513D423ECAC4A007305A0 /* Build configuration list for PBXNativeTarget "RaffleBay" */ = {
			isa = XCConfigurationList;
			buildConfigurations = (
				B27513D523ECAC4A007305A0 /* Debug */,
				B27513D623ECAC4A007305A0 /* Release */,
			);
			defaultConfigurationIsVisible = 0;
			defaultConfigurationName = Release;
		};
		B27513D723ECAC4A007305A0 /* Build configuration list for PBXNativeTarget "RaffleBayTests" */ = {
			isa = XCConfigurationList;
			buildConfigurations = (
				B27513D823ECAC4A007305A0 /* Debug */,
				B27513D923ECAC4A007305A0 /* Release */,
			);
			defaultConfigurationIsVisible = 0;
			defaultConfigurationName = Release;
		};
		B27513DA23ECAC4A007305A0 /* Build configuration list for PBXNativeTarget "RaffleBayUITests" */ = {
			isa = XCConfigurationList;
			buildConfigurations = (
				B27513DB23ECAC4A007305A0 /* Debug */,
				B27513DC23ECAC4A007305A0 /* Release */,
			);
			defaultConfigurationIsVisible = 0;
			defaultConfigurationName = Release;
		};
/* End XCConfigurationList section */

/* Begin XCVersionGroup section */
		B27513AE23ECAC47007305A0 /* RaffleBay.xcdatamodeld */ = {
			isa = XCVersionGroup;
			children = (
				B27513AF23ECAC47007305A0 /* RaffleBay.xcdatamodel */,
			);
			currentVersion = B27513AF23ECAC47007305A0 /* RaffleBay.xcdatamodel */;
			path = RaffleBay.xcdatamodeld;
			sourceTree = "<group>";
			versionGroupType = wrapper.xcdatamodel;
		};
/* End XCVersionGroup section */
	};
	rootObject = B275139F23ECAC47007305A0 /* Project object */;
}
